// !$*UTF8*$!
{
	archiveVersion = 1;
	classes = {
	};
	objectVersion = 46;
	objects = {

/* Begin PBXFileReference section */
		F18269FF16949E94000CE5FC /* pruebaC.c */ = {isa = PBXFileReference; lastKnownFileType = sourcecode.c.c; path = pruebaC.c; sourceTree = "<group>"; };
		F1826A0016949F03000CE5FC /* pruevaJAVA.java */ = {isa = PBXFileReference; lastKnownFileType = sourcecode.java; path = pruevaJAVA.java; sourceTree = "<group>"; };
/* End PBXFileReference section */

/* Begin PBXGroup section */
		F18269F616949E6E000CE5FC = {
			isa = PBXGroup;
			children = (
				F18269FF16949E94000CE5FC /* pruebaC.c */,
				F1826A0016949F03000CE5FC /* pruevaJAVA.java */,
			);
			sourceTree = "<group>";
		};
/* End PBXGroup section */

/* Begin PBXProject section */
		F18269F816949E6E000CE5FC /* Project object */ = {
			isa = PBXProject;
			attributes = {
				LastUpgradeCheck = 0450;
			};
			buildConfigurationList = F18269FB16949E6E000CE5FC /* Build configuration list for PBXProject "java" */;
			compatibilityVersion = "Xcode 3.2";
			developmentRegion = English;
			hasScannedForEncodings = 0;
			knownRegions = (
				en,
			);
			mainGroup = F18269F616949E6E000CE5FC;
			projectDirPath = "";
			projectRoot = "";
			targets = (
			);
		};
/* End PBXProject section */

/* Begin XCBuildConfiguration section */
		F18269FD16949E6E000CE5FC /* Debug */ = {
			isa = XCBuildConfiguration;
			buildSettings = {
			};
			name = Debug;
		};
		F18269FE16949E6E000CE5FC /* Release */ = {
			isa = XCBuildConfiguration;
			buildSettings = {
			};
			name = Release;
		};
/* End XCBuildConfiguration section */

/* Begin XCConfigurationList section */
		F18269FB16949E6E000CE5FC /* Build configuration list for PBXProject "java" */ = {
			isa = XCConfigurationList;
			buildConfigurations = (
				F18269FD16949E6E000CE5FC /* Debug */,
				F18269FE16949E6E000CE5FC /* Release */,
			);
			defaultConfigurationIsVisible = 0;
			defaultConfigurationName = Release;
		};
/* End XCConfigurationList section */
	};
	rootObject = F18269F816949E6E000CE5FC /* Project object */;
}
